// !$*UTF8*$!
{
	archiveVersion = 1;
	classes = {
	};
	objectVersion = 46;
	objects = {

/* Begin PBXBuildFile section */
		3965FA751ED065250004EF55 /* AppDelegate.swift in Sources */ = {isa = PBXBuildFile; fileRef = 3965FA741ED065250004EF55 /* AppDelegate.swift */; };
		3965FA771ED065250004EF55 /* ViewController.swift in Sources */ = {isa = PBXBuildFile; fileRef = 3965FA761ED065250004EF55 /* ViewController.swift */; };
		3965FA7A1ED065250004EF55 /* Main.storyboard in Resources */ = {isa = PBXBuildFile; fileRef = 3965FA781ED065250004EF55 /* Main.storyboard */; };
		3965FA7C1ED065250004EF55 /* Assets.xcassets in Resources */ = {isa = PBXBuildFile; fileRef = 3965FA7B1ED065250004EF55 /* Assets.xcassets */; };
		3965FA861ED0677C0004EF55 /* DVB.framework in Frameworks */ = {isa = PBXBuildFile; fileRef = 3965FA841ED0677C0004EF55 /* DVB.framework */; };
		3965FA871ED0677C0004EF55 /* Marshal.framework in Frameworks */ = {isa = PBXBuildFile; fileRef = 3965FA851ED0677C0004EF55 /* Marshal.framework */; };
		3965FA8A1ED070410004EF55 /* gausskrueger.framework in Frameworks */ = {isa = PBXBuildFile; fileRef = 3965FA891ED070410004EF55 /* gausskrueger.framework */; };
/* End PBXBuildFile section */

/* Begin PBXFileReference section */
		3965FA711ED065250004EF55 /* AbfahrtsTV.app */ = {isa = PBXFileReference; explicitFileType = wrapper.application; includeInIndex = 0; path = AbfahrtsTV.app; sourceTree = BUILT_PRODUCTS_DIR; };
		3965FA741ED065250004EF55 /* AppDelegate.swift */ = {isa = PBXFileReference; lastKnownFileType = sourcecode.swift; path = AppDelegate.swift; sourceTree = "<group>"; };
		3965FA761ED065250004EF55 /* ViewController.swift */ = {isa = PBXFileReference; lastKnownFileType = sourcecode.swift; path = ViewController.swift; sourceTree = "<group>"; };
		3965FA791ED065250004EF55 /* Base */ = {isa = PBXFileReference; lastKnownFileType = file.storyboard; name = Base; path = Base.lproj/Main.storyboard; sourceTree = "<group>"; };
		3965FA7B1ED065250004EF55 /* Assets.xcassets */ = {isa = PBXFileReference; lastKnownFileType = folder.assetcatalog; path = Assets.xcassets; sourceTree = "<group>"; };
		3965FA7D1ED065250004EF55 /* Info.plist */ = {isa = PBXFileReference; lastKnownFileType = text.plist.xml; path = Info.plist; sourceTree = "<group>"; };
		3965FA841ED0677C0004EF55 /* DVB.framework */ = {isa = PBXFileReference; lastKnownFileType = wrapper.framework; name = DVB.framework; path = Carthage/Build/tvOS/DVB.framework; sourceTree = "<group>"; };
		3965FA851ED0677C0004EF55 /* Marshal.framework */ = {isa = PBXFileReference; lastKnownFileType = wrapper.framework; name = Marshal.framework; path = Carthage/Build/tvOS/Marshal.framework; sourceTree = "<group>"; };
		3965FA891ED070410004EF55 /* gausskrueger.framework */ = {isa = PBXFileReference; lastKnownFileType = wrapper.framework; name = gausskrueger.framework; path = Carthage/Build/tvOS/gausskrueger.framework; sourceTree = "<group>"; };
/* End PBXFileReference section */

/* Begin PBXFrameworksBuildPhase section */
		3965FA6E1ED065250004EF55 /* Frameworks */ = {
			isa = PBXFrameworksBuildPhase;
			buildActionMask = 2147483647;
			files = (
				3965FA861ED0677C0004EF55 /* DVB.framework in Frameworks */,
				3965FA871ED0677C0004EF55 /* Marshal.framework in Frameworks */,
				3965FA8A1ED070410004EF55 /* gausskrueger.framework in Frameworks */,
			);
			runOnlyForDeploymentPostprocessing = 0;
		};
/* End PBXFrameworksBuildPhase section */

/* Begin PBXGroup section */
		3965FA681ED065250004EF55 = {
			isa = PBXGroup;
			children = (
				3965FA731ED065250004EF55 /* AbfahrtsTV */,
				3965FA721ED065250004EF55 /* Products */,
				3965FA831ED0677B0004EF55 /* Frameworks */,
			);
			sourceTree = "<group>";
		};
		3965FA721ED065250004EF55 /* Products */ = {
			isa = PBXGroup;
			children = (
				3965FA711ED065250004EF55 /* AbfahrtsTV.app */,
			);
			name = Products;
			sourceTree = "<group>";
		};
		3965FA731ED065250004EF55 /* AbfahrtsTV */ = {
			isa = PBXGroup;
			children = (
				3965FA741ED065250004EF55 /* AppDelegate.swift */,
				3965FA761ED065250004EF55 /* ViewController.swift */,
				3965FA781ED065250004EF55 /* Main.storyboard */,
				3965FA7B1ED065250004EF55 /* Assets.xcassets */,
				3965FA7D1ED065250004EF55 /* Info.plist */,
			);
			path = AbfahrtsTV;
			sourceTree = "<group>";
		};
		3965FA831ED0677B0004EF55 /* Frameworks */ = {
			isa = PBXGroup;
			children = (
				3965FA891ED070410004EF55 /* gausskrueger.framework */,
				3965FA841ED0677C0004EF55 /* DVB.framework */,
				3965FA851ED0677C0004EF55 /* Marshal.framework */,
			);
			name = Frameworks;
			sourceTree = "<group>";
		};
/* End PBXGroup section */

/* Begin PBXNativeTarget section */
		3965FA701ED065250004EF55 /* AbfahrtsTV */ = {
			isa = PBXNativeTarget;
			buildConfigurationList = 3965FA801ED065250004EF55 /* Build configuration list for PBXNativeTarget "AbfahrtsTV" */;
			buildPhases = (
				3965FA6D1ED065250004EF55 /* Sources */,
				3965FA6E1ED065250004EF55 /* Frameworks */,
				3965FA6F1ED065250004EF55 /* Resources */,
				3965FA881ED067800004EF55 /* Carthage */,
			);
			buildRules = (
			);
			dependencies = (
			);
			name = AbfahrtsTV;
			productName = AbfahrtsTV;
			productReference = 3965FA711ED065250004EF55 /* AbfahrtsTV.app */;
			productType = "com.apple.product-type.application";
		};
/* End PBXNativeTarget section */

/* Begin PBXProject section */
		3965FA691ED065250004EF55 /* Project object */ = {
			isa = PBXProject;
			attributes = {
				LastSwiftUpdateCheck = 0830;
				LastUpgradeCheck = 0830;
				ORGANIZATIONNAME = "Kilian Koeltzsch";
				TargetAttributes = {
					3965FA701ED065250004EF55 = {
						CreatedOnToolsVersion = 8.3.2;
						DevelopmentTeam = HU85FER47E;
						LastSwiftMigration = 0900;
						ProvisioningStyle = Automatic;
					};
				};
			};
			buildConfigurationList = 3965FA6C1ED065250004EF55 /* Build configuration list for PBXProject "AbfahrtsTV" */;
			compatibilityVersion = "Xcode 3.2";
			developmentRegion = English;
			hasScannedForEncodings = 0;
			knownRegions = (
				en,
				Base,
			);
			mainGroup = 3965FA681ED065250004EF55;
			productRefGroup = 3965FA721ED065250004EF55 /* Products */;
			projectDirPath = "";
			projectRoot = "";
			targets = (
				3965FA701ED065250004EF55 /* AbfahrtsTV */,
			);
		};
/* End PBXProject section */

/* Begin PBXResourcesBuildPhase section */
		3965FA6F1ED065250004EF55 /* Resources */ = {
			isa = PBXResourcesBuildPhase;
			buildActionMask = 2147483647;
			files = (
				3965FA7C1ED065250004EF55 /* Assets.xcassets in Resources */,
				3965FA7A1ED065250004EF55 /* Main.storyboard in Resources */,
			);
			runOnlyForDeploymentPostprocessing = 0;
		};
/* End PBXResourcesBuildPhase section */

/* Begin PBXShellScriptBuildPhase section */
		3965FA881ED067800004EF55 /* Carthage */ = {
			isa = PBXShellScriptBuildPhase;
			buildActionMask = 2147483647;
			files = (
			);
			inputPaths = (
				"$(SRCROOT)/Carthage/Build/tvOS/Marshal.framework",
				"$(SRCROOT)/Carthage/Build/tvOS/gausskrueger.framework",
				"$(SRCROOT)/Carthage/Build/tvOS/DVB.framework",
			);
			name = Carthage;
			outputPaths = (
			);
			runOnlyForDeploymentPostprocessing = 0;
			shellPath = /bin/sh;
			shellScript = "/usr/local/bin/carthage copy-frameworks";
		};
/* End PBXShellScriptBuildPhase section */

/* Begin PBXSourcesBuildPhase section */
		3965FA6D1ED065250004EF55 /* Sources */ = {
			isa = PBXSourcesBuildPhase;
			buildActionMask = 2147483647;
			files = (
				3965FA771ED065250004EF55 /* ViewController.swift in Sources */,
				3965FA751ED065250004EF55 /* AppDelegate.swift in Sources */,
			);
			runOnlyForDeploymentPostprocessing = 0;
		};
/* End PBXSourcesBuildPhase section */

/* Begin PBXVariantGroup section */
		3965FA781ED065250004EF55 /* Main.storyboard */ = {
			isa = PBXVariantGroup;
			children = (
				3965FA791ED065250004EF55 /* Base */,
			);
			name = Main.storyboard;
			sourceTree = "<group>";
		};
/* End PBXVariantGroup section */

/* Begin XCBuildConfiguration section */
		3965FA7E1ED065250004EF55 /* Debug */ = {
			isa = XCBuildConfiguration;
			buildSettings = {
				ALWAYS_SEARCH_USER_PATHS = NO;
				CLANG_ANALYZER_NONNULL = YES;
				CLANG_ANALYZER_NUMBER_OBJECT_CONVERSION = YES_AGGRESSIVE;
				CLANG_CXX_LANGUAGE_STANDARD = "gnu++0x";
				CLANG_CXX_LIBRARY = "libc++";
				CLANG_ENABLE_MODULES = YES;
				CLANG_ENABLE_OBJC_ARC = YES;
				CLANG_WARN_BOOL_CONVERSION = YES;
				CLANG_WARN_CONSTANT_CONVERSION = YES;
				CLANG_WARN_DIRECT_OBJC_ISA_USAGE = YES_ERROR;
				CLANG_WARN_DOCUMENTATION_COMMENTS = YES;
				CLANG_WARN_EMPTY_BODY = YES;
				CLANG_WARN_ENUM_CONVERSION = YES;
				CLANG_WARN_INFINITE_RECURSION = YES;
				CLANG_WARN_INT_CONVERSION = YES;
				CLANG_WARN_OBJC_ROOT_CLASS = YES_ERROR;
				CLANG_WARN_SUSPICIOUS_MOVE = YES;
				CLANG_WARN_UNREACHABLE_CODE = YES;
				CLANG_WARN__DUPLICATE_METHOD_MATCH = YES;
				COPY_PHASE_STRIP = NO;
				DEBUG_INFORMATION_FORMAT = dwarf;
				ENABLE_STRICT_OBJC_MSGSEND = YES;
				ENABLE_TESTABILITY = YES;
				GCC_C_LANGUAGE_STANDARD = gnu99;
				GCC_DYNAMIC_NO_PIC = NO;
				GCC_NO_COMMON_BLOCKS = YES;
				GCC_OPTIMIZATION_LEVEL = 0;
				GCC_PREPROCESSOR_DEFINITIONS = (
					"DEBUG=1",
					"$(inherited)",
				);
				GCC_WARN_64_TO_32_BIT_CONVERSION = YES;
				GCC_WARN_ABOUT_RETURN_TYPE = YES_ERROR;
				GCC_WARN_UNDECLARED_SELECTOR = YES;
				GCC_WARN_UNINITIALIZED_AUTOS = YES_AGGRESSIVE;
				GCC_WARN_UNUSED_FUNCTION = YES;
				GCC_WARN_UNUSED_VARIABLE = YES;
				MTL_ENABLE_DEBUG_INFO = YES;
				ONLY_ACTIVE_ARCH = YES;
				SDKROOT = appletvos;
				SWIFT_ACTIVE_COMPILATION_CONDITIONS = DEBUG;
				SWIFT_OPTIMIZATION_LEVEL = "-Onone";
				TARGETED_DEVICE_FAMILY = 3;
				TVOS_DEPLOYMENT_TARGET = 10.2;
			};
			name = Debug;
		};
		3965FA7F1ED065250004EF55 /* Release */ = {
			isa = XCBuildConfiguration;
			buildSettings = {
				ALWAYS_SEARCH_USER_PATHS = NO;
				CLANG_ANALYZER_NONNULL = YES;
				CLANG_ANALYZER_NUMBER_OBJECT_CONVERSION = YES_AGGRESSIVE;
				CLANG_CXX_LANGUAGE_STANDARD = "gnu++0x";
				CLANG_CXX_LIBRARY = "libc++";
				CLANG_ENABLE_MODULES = YES;
				CLANG_ENABLE_OBJC_ARC = YES;
				CLANG_WARN_BOOL_CONVERSION = YES;
				CLANG_WARN_CONSTANT_CONVERSION = YES;
				CLANG_WARN_DIRECT_OBJC_ISA_USAGE = YES_ERROR;
				CLANG_WARN_DOCUMENTATION_COMMENTS = YES;
				CLANG_WARN_EMPTY_BODY = YES;
				CLANG_WARN_ENUM_CONVERSION = YES;
				CLANG_WARN_INFINITE_RECURSION = YES;
				CLANG_WARN_INT_CONVERSION = YES;
				CLANG_WARN_OBJC_ROOT_CLASS = YES_ERROR;
				CLANG_WARN_SUSPICIOUS_MOVE = YES;
				CLANG_WARN_UNREACHABLE_CODE = YES;
				CLANG_WARN__DUPLICATE_METHOD_MATCH = YES;
				COPY_PHASE_STRIP = NO;
				DEBUG_INFORMATION_FORMAT = "dwarf-with-dsym";
				ENABLE_NS_ASSERTIONS = NO;
				ENABLE_STRICT_OBJC_MSGSEND = YES;
				GCC_C_LANGUAGE_STANDARD = gnu99;
				GCC_NO_COMMON_BLOCKS = YES;
				GCC_WARN_64_TO_32_BIT_CONVERSION = YES;
				GCC_WARN_ABOUT_RETURN_TYPE = YES_ERROR;
				GCC_WARN_UNDECLARED_SELECTOR = YES;
				GCC_WARN_UNINITIALIZED_AUTOS = YES_AGGRESSIVE;
				GCC_WARN_UNUSED_FUNCTION = YES;
				GCC_WARN_UNUSED_VARIABLE = YES;
				MTL_ENABLE_DEBUG_INFO = NO;
				SDKROOT = appletvos;
				SWIFT_OPTIMIZATION_LEVEL = "-Owholemodule";
				TARGETED_DEVICE_FAMILY = 3;
				TVOS_DEPLOYMENT_TARGET = 10.2;
				VALIDATE_PRODUCT = YES;
			};
			name = Release;
		};
		3965FA811ED065250004EF55 /* Debug */ = {
			isa = XCBuildConfiguration;
			buildSettings = {
				ASSETCATALOG_COMPILER_APPICON_NAME = "App Icon & Top Shelf Image";
				ASSETCATALOG_COMPILER_LAUNCHIMAGE_NAME = LaunchImage;
				DEVELOPMENT_TEAM = HU85FER47E;
				FRAMEWORK_SEARCH_PATHS = (
					"$(inherited)",
					"$(PROJECT_DIR)/Carthage/Build/tvOS",
				);
				INFOPLIST_FILE = AbfahrtsTV/Info.plist;
				LD_RUNPATH_SEARCH_PATHS = "$(inherited) @executable_path/Frameworks";
				PRODUCT_BUNDLE_IDENTIFIER = io.kilian.AbfahrtsTV;
				PRODUCT_NAME = "$(TARGET_NAME)";
				SWIFT_SWIFT3_OBJC_INFERENCE = On;
				SWIFT_VERSION = 4.0;
			};
			name = Debug;
		};
		3965FA821ED065250004EF55 /* Release */ = {
			isa = XCBuildConfiguration;
			buildSettings = {
				ASSETCATALOG_COMPILER_APPICON_NAME = "App Icon & Top Shelf Image";
				ASSETCATALOG_COMPILER_LAUNCHIMAGE_NAME = LaunchImage;
				DEVELOPMENT_TEAM = HU85FER47E;
				FRAMEWORK_SEARCH_PATHS = (
					"$(inherited)",
					"$(PROJECT_DIR)/Carthage/Build/tvOS",
				);
				INFOPLIST_FILE = AbfahrtsTV/Info.plist;
				LD_RUNPATH_SEARCH_PATHS = "$(inherited) @executable_path/Frameworks";
				PRODUCT_BUNDLE_IDENTIFIER = io.kilian.AbfahrtsTV;
				PRODUCT_NAME = "$(TARGET_NAME)";
				SWIFT_SWIFT3_OBJC_INFERENCE = On;
				SWIFT_VERSION = 4.0;
			};
			name = Release;
		};
/* End XCBuildConfiguration section */

/* Begin XCConfigurationList section */
		3965FA6C1ED065250004EF55 /* Build configuration list for PBXProject "AbfahrtsTV" */ = {
			isa = XCConfigurationList;
			buildConfigurations = (
				3965FA7E1ED065250004EF55 /* Debug */,
				3965FA7F1ED065250004EF55 /* Release */,
			);
			defaultConfigurationIsVisible = 0;
			defaultConfigurationName = Release;
		};
		3965FA801ED065250004EF55 /* Build configuration list for PBXNativeTarget "AbfahrtsTV" */ = {
			isa = XCConfigurationList;
			buildConfigurations = (
				3965FA811ED065250004EF55 /* Debug */,
				3965FA821ED065250004EF55 /* Release */,
			);
			defaultConfigurationIsVisible = 0;
			defaultConfigurationName = Release;
		};
/* End XCConfigurationList section */
	};
	rootObject = 3965FA691ED065250004EF55 /* Project object */;
}
